
Microsoft Visual Studio Solution File, Format Version 12.00
# Visual Studio Version 16
VisualStudioVersion = 16.0.29215.179
MinimumVisualStudioVersion = 10.0.40219.1
Project("{FAE04EC0-301F-11D3-BF4B-00C04F79EFBC}") = "SpecialPalindormeAgain", "SpecialPalindormeAgain\SpecialPalindormeAgain.csproj", "{470A23F7-7A19-4E6D-BFCA-EDEFEAEC15DA}"
EndProject
Global
	GlobalSection(SolutionConfigurationPlatforms) = preSolution
		Debug|Any CPU = Debug|Any CPU
		Release|Any CPU = Release|Any CPU
	EndGlobalSection
	GlobalSection(ProjectConfigurationPlatforms) = postSolution
		{470A23F7-7A19-4E6D-BFCA-EDEFEAEC15DA}.Debug|Any CPU.ActiveCfg = Debug|Any CPU
		{470A23F7-7A19-4E6D-BFCA-EDEFEAEC15DA}.Debug|Any CPU.Build.0 = Debug|Any CPU
		{470A23F7-7A19-4E6D-BFCA-EDEFEAEC15DA}.Release|Any CPU.ActiveCfg = Release|Any CPU
		{470A23F7-7A19-4E6D-BFCA-EDEFEAEC15DA}.Release|Any CPU.Build.0 = Release|Any CPU
	EndGlobalSection
	GlobalSection(SolutionProperties) = preSolution
		HideSolutionNode = FALSE
	EndGlobalSection
	GlobalSection(ExtensibilityGlobals) = postSolution
		SolutionGuid = {C9EF56D9-75EB-4175-B995-2CD5AD3EC1A3}
	EndGlobalSection
EndGlobal
