
Microsoft Visual Studio Solution File, Format Version 12.00
# Visual Studio Version 16
VisualStudioVersion = 16.0.29215.179
MinimumVisualStudioVersion = 10.0.40219.1
Project("{FAE04EC0-301F-11D3-BF4B-00C04F79EFBC}") = "CountTriplets", "CountTriplets\CountTriplets.csproj", "{FE50A64F-9D3B-459A-9D53-0454BFE3D189}"
EndProject
Global
	GlobalSection(SolutionConfigurationPlatforms) = preSolution
		Debug|Any CPU = Debug|Any CPU
		Release|Any CPU = Release|Any CPU
	EndGlobalSection
	GlobalSection(ProjectConfigurationPlatforms) = postSolution
		{FE50A64F-9D3B-459A-9D53-0454BFE3D189}.Debug|Any CPU.ActiveCfg = Debug|Any CPU
		{FE50A64F-9D3B-459A-9D53-0454BFE3D189}.Debug|Any CPU.Build.0 = Debug|Any CPU
		{FE50A64F-9D3B-459A-9D53-0454BFE3D189}.Release|Any CPU.ActiveCfg = Release|Any CPU
		{FE50A64F-9D3B-459A-9D53-0454BFE3D189}.Release|Any CPU.Build.0 = Release|Any CPU
	EndGlobalSection
	GlobalSection(SolutionProperties) = preSolution
		HideSolutionNode = FALSE
	EndGlobalSection
	GlobalSection(ExtensibilityGlobals) = postSolution
		SolutionGuid = {1F8617CF-D2E0-41E8-A82D-4CA3E2409B36}
	EndGlobalSection
EndGlobal
